
Microsoft Visual Studio Solution File, Format Version 12.00
# Visual Studio 15
VisualStudioVersion = 15.0.27703.2026
MinimumVisualStudioVersion = 10.0.40219.1
Project("{FAE04EC0-301F-11D3-BF4B-00C04F79EFBC}") = "Sandbox-ASP.NET", "Sandbox-ASP.NET\Sandbox-ASP.NET.csproj", "{51F806DC-D423-4A53-9C21-21A99113F754}"
EndProject
Global
	GlobalSection(SolutionConfigurationPlatforms) = preSolution
		Debug|Any CPU = Debug|Any CPU
		Release|Any CPU = Release|Any CPU
	EndGlobalSection
	GlobalSection(ProjectConfigurationPlatforms) = postSolution
		{51F806DC-D423-4A53-9C21-21A99113F754}.Debug|Any CPU.ActiveCfg = Debug|Any CPU
		{51F806DC-D423-4A53-9C21-21A99113F754}.Debug|Any CPU.Build.0 = Debug|Any CPU
		{51F806DC-D423-4A53-9C21-21A99113F754}.Release|Any CPU.ActiveCfg = Release|Any CPU
		{51F806DC-D423-4A53-9C21-21A99113F754}.Release|Any CPU.Build.0 = Release|Any CPU
	EndGlobalSection
	GlobalSection(SolutionProperties) = preSolution
		HideSolutionNode = FALSE
	EndGlobalSection
	GlobalSection(ExtensibilityGlobals) = postSolution
		SolutionGuid = {D99F1BCA-12E0-4FE2-83ED-D4D1FAB32AA9}
	EndGlobalSection
EndGlobal
